
Microsoft Visual Studio Solution File, Format Version 12.00
# Visual Studio Version 16
VisualStudioVersion = 16.0.29102.190
MinimumVisualStudioVersion = 10.0.40219.1
Project("{FAE04EC0-301F-11D3-BF4B-00C04F79EFBC}") = "Common", "Common.Core\Common.csproj", "{896792CE-F566-4D37-9972-CF55F61ACF7C}"
EndProject
Project("{FAE04EC0-301F-11D3-BF4B-00C04F79EFBC}") = "Common.MongoDB", "Common.MongoDB\Common.MongoDB.csproj", "{FDCCC89A-AD70-412E-A604-9AB67FDC328A}"
EndProject
Project("{FAE04EC0-301F-11D3-BF4B-00C04F79EFBC}") = "Common.TestApp", "Common.TestApp\Common.TestApp.csproj", "{D29E690E-F5C6-4A27-99A0-37528E018411}"
EndProject
Project("{FAE04EC0-301F-11D3-BF4B-00C04F79EFBC}") = "Common.EntityFramework", "Common.EntityFramework\Common.EntityFramework.csproj", "{065562B6-D93A-4744-A4D8-90FF07FCCDA6}"
EndProject
Project("{FAE04EC0-301F-11D3-BF4B-00C04F79EFBC}") = "Common.SMS", "Common.SMS\Common.SMS.csproj", "{A76545B7-40F2-4629-823B-6D4341A3C046}"
EndProject
Project("{FAE04EC0-301F-11D3-BF4B-00C04F79EFBC}") = "Common.RabbitMQ", "Common.RabbitMQ\Common.RabbitMQ.csproj", "{4FDF9E69-659E-4027-9B3F-3D0868249440}"
EndProject
Global
	GlobalSection(SolutionConfigurationPlatforms) = preSolution
		Debug|Any CPU = Debug|Any CPU
		Release|Any CPU = Release|Any CPU
	EndGlobalSection
	GlobalSection(ProjectConfigurationPlatforms) = postSolution
		{896792CE-F566-4D37-9972-CF55F61ACF7C}.Debug|Any CPU.ActiveCfg = Release|Any CPU
		{896792CE-F566-4D37-9972-CF55F61ACF7C}.Debug|Any CPU.Build.0 = Release|Any CPU
		{896792CE-F566-4D37-9972-CF55F61ACF7C}.Release|Any CPU.ActiveCfg = Release|Any CPU
		{896792CE-F566-4D37-9972-CF55F61ACF7C}.Release|Any CPU.Build.0 = Release|Any CPU
		{FDCCC89A-AD70-412E-A604-9AB67FDC328A}.Debug|Any CPU.ActiveCfg = Release|Any CPU
		{FDCCC89A-AD70-412E-A604-9AB67FDC328A}.Debug|Any CPU.Build.0 = Release|Any CPU
		{FDCCC89A-AD70-412E-A604-9AB67FDC328A}.Release|Any CPU.ActiveCfg = Release|Any CPU
		{FDCCC89A-AD70-412E-A604-9AB67FDC328A}.Release|Any CPU.Build.0 = Release|Any CPU
		{D29E690E-F5C6-4A27-99A0-37528E018411}.Debug|Any CPU.ActiveCfg = Debug|Any CPU
		{D29E690E-F5C6-4A27-99A0-37528E018411}.Debug|Any CPU.Build.0 = Debug|Any CPU
		{D29E690E-F5C6-4A27-99A0-37528E018411}.Release|Any CPU.ActiveCfg = Release|Any CPU
		{D29E690E-F5C6-4A27-99A0-37528E018411}.Release|Any CPU.Build.0 = Release|Any CPU
		{065562B6-D93A-4744-A4D8-90FF07FCCDA6}.Debug|Any CPU.ActiveCfg = Debug|Any CPU
		{065562B6-D93A-4744-A4D8-90FF07FCCDA6}.Debug|Any CPU.Build.0 = Debug|Any CPU
		{065562B6-D93A-4744-A4D8-90FF07FCCDA6}.Release|Any CPU.ActiveCfg = Release|Any CPU
		{065562B6-D93A-4744-A4D8-90FF07FCCDA6}.Release|Any CPU.Build.0 = Release|Any CPU
		{A76545B7-40F2-4629-823B-6D4341A3C046}.Debug|Any CPU.ActiveCfg = Debug|Any CPU
		{A76545B7-40F2-4629-823B-6D4341A3C046}.Debug|Any CPU.Build.0 = Debug|Any CPU
		{A76545B7-40F2-4629-823B-6D4341A3C046}.Release|Any CPU.ActiveCfg = Release|Any CPU
		{A76545B7-40F2-4629-823B-6D4341A3C046}.Release|Any CPU.Build.0 = Release|Any CPU
		{4FDF9E69-659E-4027-9B3F-3D0868249440}.Debug|Any CPU.ActiveCfg = Debug|Any CPU
		{4FDF9E69-659E-4027-9B3F-3D0868249440}.Debug|Any CPU.Build.0 = Debug|Any CPU
		{4FDF9E69-659E-4027-9B3F-3D0868249440}.Release|Any CPU.ActiveCfg = Release|Any CPU
		{4FDF9E69-659E-4027-9B3F-3D0868249440}.Release|Any CPU.Build.0 = Release|Any CPU
	EndGlobalSection
	GlobalSection(SolutionProperties) = preSolution
		HideSolutionNode = FALSE
	EndGlobalSection
	GlobalSection(ExtensibilityGlobals) = postSolution
		SolutionGuid = {4BA270B2-3B52-4170-B761-AD3BDA8B9C14}
	EndGlobalSection
EndGlobal
